
Microsoft Visual Studio Solution File, Format Version 12.00
# Visual Studio Version 17
VisualStudioVersion = 17.0.31612.314
MinimumVisualStudioVersion = 10.0.40219.1
Project("{2150E333-8FDC-42A3-9474-1A3956D46DE8}") = "src", "src", "{496BD7AA-9CF5-475E-B5FF-8F753CAAF591}"
EndProject
Project("{2150E333-8FDC-42A3-9474-1A3956D46DE8}") = "Core", "Core", "{4231C3BE-BCFF-48F6-98DD-6A08E179599B}"
EndProject
Project("{2150E333-8FDC-42A3-9474-1A3956D46DE8}") = "Infraestructure", "Infraestructure", "{E2D361A2-02E5-4BA4-A5D7-54DEDC1D4CA2}"
EndProject
Project("{2150E333-8FDC-42A3-9474-1A3956D46DE8}") = "Presentation", "Presentation", "{E47640B9-4CC9-4E01-9586-3149AEBAA63B}"
EndProject
Project("{9A19103F-16F7-4668-BE54-9A1E7A4F7556}") = "Application", "Application\Application.csproj", "{D407ECD2-2B86-49CE-A722-B0EEC56A5076}"
EndProject
Project("{9A19103F-16F7-4668-BE54-9A1E7A4F7556}") = "Domain", "Domain\Domain.csproj", "{FF779503-E28E-44F8-8E47-2AAFD17A05B2}"
EndProject
Project("{9A19103F-16F7-4668-BE54-9A1E7A4F7556}") = "Persistance", "Persistance\Persistance.csproj", "{9AC23989-A9CA-4036-A1E6-E695409E5888}"
EndProject
Project("{9A19103F-16F7-4668-BE54-9A1E7A4F7556}") = "Shared", "Shared\Shared.csproj", "{AB9CCB14-DBFD-41E0-93D1-9D49DEC38FD9}"
EndProject
Project("{9A19103F-16F7-4668-BE54-9A1E7A4F7556}") = "WebAPI", "WebAPI\WebAPI.csproj", "{CD50E381-60B1-45C7-ADB2-CAB5ECFFE795}"
EndProject
Project("{FAE04EC0-301F-11D3-BF4B-00C04F79EFBC}") = "identity", "identity\identity.csproj", "{EACD2A4C-572F-4A7B-9BFC-20B0EB876205}"
EndProject
Global
	GlobalSection(SolutionConfigurationPlatforms) = preSolution
		Debug|Any CPU = Debug|Any CPU
		Release|Any CPU = Release|Any CPU
	EndGlobalSection
	GlobalSection(ProjectConfigurationPlatforms) = postSolution
		{D407ECD2-2B86-49CE-A722-B0EEC56A5076}.Debug|Any CPU.ActiveCfg = Debug|Any CPU
		{D407ECD2-2B86-49CE-A722-B0EEC56A5076}.Debug|Any CPU.Build.0 = Debug|Any CPU
		{D407ECD2-2B86-49CE-A722-B0EEC56A5076}.Release|Any CPU.ActiveCfg = Release|Any CPU
		{D407ECD2-2B86-49CE-A722-B0EEC56A5076}.Release|Any CPU.Build.0 = Release|Any CPU
		{FF779503-E28E-44F8-8E47-2AAFD17A05B2}.Debug|Any CPU.ActiveCfg = Debug|Any CPU
		{FF779503-E28E-44F8-8E47-2AAFD17A05B2}.Debug|Any CPU.Build.0 = Debug|Any CPU
		{FF779503-E28E-44F8-8E47-2AAFD17A05B2}.Release|Any CPU.ActiveCfg = Release|Any CPU
		{FF779503-E28E-44F8-8E47-2AAFD17A05B2}.Release|Any CPU.Build.0 = Release|Any CPU
		{9AC23989-A9CA-4036-A1E6-E695409E5888}.Debug|Any CPU.ActiveCfg = Debug|Any CPU
		{9AC23989-A9CA-4036-A1E6-E695409E5888}.Debug|Any CPU.Build.0 = Debug|Any CPU
		{9AC23989-A9CA-4036-A1E6-E695409E5888}.Release|Any CPU.ActiveCfg = Release|Any CPU
		{9AC23989-A9CA-4036-A1E6-E695409E5888}.Release|Any CPU.Build.0 = Release|Any CPU
		{AB9CCB14-DBFD-41E0-93D1-9D49DEC38FD9}.Debug|Any CPU.ActiveCfg = Debug|Any CPU
		{AB9CCB14-DBFD-41E0-93D1-9D49DEC38FD9}.Debug|Any CPU.Build.0 = Debug|Any CPU
		{AB9CCB14-DBFD-41E0-93D1-9D49DEC38FD9}.Release|Any CPU.ActiveCfg = Release|Any CPU
		{AB9CCB14-DBFD-41E0-93D1-9D49DEC38FD9}.Release|Any CPU.Build.0 = Release|Any CPU
		{CD50E381-60B1-45C7-ADB2-CAB5ECFFE795}.Debug|Any CPU.ActiveCfg = Debug|Any CPU
		{CD50E381-60B1-45C7-ADB2-CAB5ECFFE795}.Debug|Any CPU.Build.0 = Debug|Any CPU
		{CD50E381-60B1-45C7-ADB2-CAB5ECFFE795}.Release|Any CPU.ActiveCfg = Release|Any CPU
		{CD50E381-60B1-45C7-ADB2-CAB5ECFFE795}.Release|Any CPU.Build.0 = Release|Any CPU
		{EACD2A4C-572F-4A7B-9BFC-20B0EB876205}.Debug|Any CPU.ActiveCfg = Debug|Any CPU
		{EACD2A4C-572F-4A7B-9BFC-20B0EB876205}.Debug|Any CPU.Build.0 = Debug|Any CPU
		{EACD2A4C-572F-4A7B-9BFC-20B0EB876205}.Release|Any CPU.ActiveCfg = Release|Any CPU
		{EACD2A4C-572F-4A7B-9BFC-20B0EB876205}.Release|Any CPU.Build.0 = Release|Any CPU
	EndGlobalSection
	GlobalSection(SolutionProperties) = preSolution
		HideSolutionNode = FALSE
	EndGlobalSection
	GlobalSection(NestedProjects) = preSolution
		{4231C3BE-BCFF-48F6-98DD-6A08E179599B} = {496BD7AA-9CF5-475E-B5FF-8F753CAAF591}
		{E2D361A2-02E5-4BA4-A5D7-54DEDC1D4CA2} = {496BD7AA-9CF5-475E-B5FF-8F753CAAF591}
		{E47640B9-4CC9-4E01-9586-3149AEBAA63B} = {496BD7AA-9CF5-475E-B5FF-8F753CAAF591}
		{D407ECD2-2B86-49CE-A722-B0EEC56A5076} = {4231C3BE-BCFF-48F6-98DD-6A08E179599B}
		{FF779503-E28E-44F8-8E47-2AAFD17A05B2} = {4231C3BE-BCFF-48F6-98DD-6A08E179599B}
		{9AC23989-A9CA-4036-A1E6-E695409E5888} = {E2D361A2-02E5-4BA4-A5D7-54DEDC1D4CA2}
		{AB9CCB14-DBFD-41E0-93D1-9D49DEC38FD9} = {E2D361A2-02E5-4BA4-A5D7-54DEDC1D4CA2}
		{CD50E381-60B1-45C7-ADB2-CAB5ECFFE795} = {E47640B9-4CC9-4E01-9586-3149AEBAA63B}
		{EACD2A4C-572F-4A7B-9BFC-20B0EB876205} = {E2D361A2-02E5-4BA4-A5D7-54DEDC1D4CA2}
	EndGlobalSection
	GlobalSection(ExtensibilityGlobals) = postSolution
		SolutionGuid = {C30AB0B2-AF65-45F9-A1FB-85F288341663}
	EndGlobalSection
EndGlobal
